
Microsoft Visual Studio Solution File, Format Version 12.00
# Visual Studio Version 17
VisualStudioVersion = 17.0.31903.59
MinimumVisualStudioVersion = 10.0.40219.1
Project("{FAE04EC0-301F-11D3-BF4B-00C04F79EFBC}") = "CowDice", "CowDice\CowDice.csproj", "{717B26E8-3A2C-42E5-A35C-0F8D61631B50}"
EndProject
Project("{FAE04EC0-301F-11D3-BF4B-00C04F79EFBC}") = "CowDice.Tests", "CowDice.Tests\CowDice.Tests.csproj", "{AA31E5CA-58E9-4FEC-971E-B94C0A3B97AF}"
EndProject
Global
	GlobalSection(SolutionConfigurationPlatforms) = preSolution
		Debug|Any CPU = Debug|Any CPU
		Release|Any CPU = Release|Any CPU
	EndGlobalSection
	GlobalSection(SolutionProperties) = preSolution
		HideSolutionNode = FALSE
	EndGlobalSection
	GlobalSection(ProjectConfigurationPlatforms) = postSolution
		{717B26E8-3A2C-42E5-A35C-0F8D61631B50}.Debug|Any CPU.ActiveCfg = Debug|Any CPU
		{717B26E8-3A2C-42E5-A35C-0F8D61631B50}.Debug|Any CPU.Build.0 = Debug|Any CPU
		{717B26E8-3A2C-42E5-A35C-0F8D61631B50}.Release|Any CPU.ActiveCfg = Release|Any CPU
		{717B26E8-3A2C-42E5-A35C-0F8D61631B50}.Release|Any CPU.Build.0 = Release|Any CPU
		{AA31E5CA-58E9-4FEC-971E-B94C0A3B97AF}.Debug|Any CPU.ActiveCfg = Debug|Any CPU
		{AA31E5CA-58E9-4FEC-971E-B94C0A3B97AF}.Debug|Any CPU.Build.0 = Debug|Any CPU
		{AA31E5CA-58E9-4FEC-971E-B94C0A3B97AF}.Release|Any CPU.ActiveCfg = Release|Any CPU
		{AA31E5CA-58E9-4FEC-971E-B94C0A3B97AF}.Release|Any CPU.Build.0 = Release|Any CPU
	EndGlobalSection
EndGlobal
